
Microsoft Visual Studio Solution File, Format Version 12.00
# Visual Studio Version 17
VisualStudioVersion = 17.0.31903.59
MinimumVisualStudioVersion = 10.0.40219.1
Project("{FAE04EC0-301F-11D3-BF4B-00C04F79EFBC}") = "Alessia.Lionetto.Tombola", "Alessia.Lionetto.Tombola\Alessia.Lionetto.Tombola.csproj", "{100C3BDE-062D-48CC-8F09-F1C258C721CA}"
EndProject
Global
	GlobalSection(SolutionConfigurationPlatforms) = preSolution
		Debug|Any CPU = Debug|Any CPU
		Release|Any CPU = Release|Any CPU
	EndGlobalSection
	GlobalSection(ProjectConfigurationPlatforms) = postSolution
		{100C3BDE-062D-48CC-8F09-F1C258C721CA}.Debug|Any CPU.ActiveCfg = Debug|Any CPU
		{100C3BDE-062D-48CC-8F09-F1C258C721CA}.Debug|Any CPU.Build.0 = Debug|Any CPU
		{100C3BDE-062D-48CC-8F09-F1C258C721CA}.Release|Any CPU.ActiveCfg = Release|Any CPU
		{100C3BDE-062D-48CC-8F09-F1C258C721CA}.Release|Any CPU.Build.0 = Release|Any CPU
	EndGlobalSection
	GlobalSection(SolutionProperties) = preSolution
		HideSolutionNode = FALSE
	EndGlobalSection
	GlobalSection(ExtensibilityGlobals) = postSolution
		SolutionGuid = {5CDFB20F-5DE1-4FE9-ACEE-85CEE7AA22A8}
	EndGlobalSection
EndGlobal
